
Microsoft Visual Studio Solution File, Format Version 12.00
# Visual Studio Version 17
VisualStudioVersion = 17.10.35004.147
MinimumVisualStudioVersion = 10.0.40219.1
Project("{9A19103F-16F7-4668-BE54-9A1E7A4F7556}") = "DAL", "DAL\DAL.csproj", "{9B07418F-BA43-47E3-A405-D5BF853FD6E5}"
EndProject
Project("{9A19103F-16F7-4668-BE54-9A1E7A4F7556}") = "Domain", "Domain\Domain.csproj", "{CCF9251A-4A49-4FE2-A6BB-DC8F56EDEFE8}"
	ProjectSection(ProjectDependencies) = postProject
		{9B07418F-BA43-47E3-A405-D5BF853FD6E5} = {9B07418F-BA43-47E3-A405-D5BF853FD6E5}
	EndProjectSection
EndProject
Project("{9A19103F-16F7-4668-BE54-9A1E7A4F7556}") = "WebAPI", "WebAPI\WebAPI.csproj", "{7BB7312D-8BDA-4522-B37B-361DCB533BC8}"
	ProjectSection(ProjectDependencies) = postProject
		{CCF9251A-4A49-4FE2-A6BB-DC8F56EDEFE8} = {CCF9251A-4A49-4FE2-A6BB-DC8F56EDEFE8}
	EndProjectSection
EndProject
Global
	GlobalSection(SolutionConfigurationPlatforms) = preSolution
		Debug|Any CPU = Debug|Any CPU
		Release|Any CPU = Release|Any CPU
	EndGlobalSection
	GlobalSection(ProjectConfigurationPlatforms) = postSolution
		{9B07418F-BA43-47E3-A405-D5BF853FD6E5}.Debug|Any CPU.ActiveCfg = Debug|Any CPU
		{9B07418F-BA43-47E3-A405-D5BF853FD6E5}.Debug|Any CPU.Build.0 = Debug|Any CPU
		{9B07418F-BA43-47E3-A405-D5BF853FD6E5}.Release|Any CPU.ActiveCfg = Release|Any CPU
		{9B07418F-BA43-47E3-A405-D5BF853FD6E5}.Release|Any CPU.Build.0 = Release|Any CPU
		{CCF9251A-4A49-4FE2-A6BB-DC8F56EDEFE8}.Debug|Any CPU.ActiveCfg = Debug|Any CPU
		{CCF9251A-4A49-4FE2-A6BB-DC8F56EDEFE8}.Debug|Any CPU.Build.0 = Debug|Any CPU
		{CCF9251A-4A49-4FE2-A6BB-DC8F56EDEFE8}.Release|Any CPU.ActiveCfg = Release|Any CPU
		{CCF9251A-4A49-4FE2-A6BB-DC8F56EDEFE8}.Release|Any CPU.Build.0 = Release|Any CPU
		{7BB7312D-8BDA-4522-B37B-361DCB533BC8}.Debug|Any CPU.ActiveCfg = Debug|Any CPU
		{7BB7312D-8BDA-4522-B37B-361DCB533BC8}.Debug|Any CPU.Build.0 = Debug|Any CPU
		{7BB7312D-8BDA-4522-B37B-361DCB533BC8}.Release|Any CPU.ActiveCfg = Release|Any CPU
		{7BB7312D-8BDA-4522-B37B-361DCB533BC8}.Release|Any CPU.Build.0 = Release|Any CPU
	EndGlobalSection
	GlobalSection(SolutionProperties) = preSolution
		HideSolutionNode = FALSE
	EndGlobalSection
	GlobalSection(ExtensibilityGlobals) = postSolution
		SolutionGuid = {F370D6C0-009D-406E-9ECD-D828699B6CFB}
	EndGlobalSection
EndGlobal
